
Microsoft Visual Studio Solution File, Format Version 12.00
# Visual Studio Version 16
VisualStudioVersion = 16.0.29411.138
MinimumVisualStudioVersion = 10.0.40219.1
Project("{9A19103F-16F7-4668-BE54-9A1E7A4F7556}") = "Chep.Core", "Chep.Core\Chep.Core.csproj", "{40382732-D13D-4B15-9667-DA282CCCF24B}"
EndProject
Project("{9A19103F-16F7-4668-BE54-9A1E7A4F7556}") = "Chep.Data", "Chep.Data\Chep.Data.csproj", "{834BA1AF-44BE-4755-B73E-A23370FCD4A6}"
EndProject
Project("{9A19103F-16F7-4668-BE54-9A1E7A4F7556}") = "Chep.DTO", "Chep.DTO\Chep.DTO.csproj", "{150C65D6-5092-4910-A8E4-6304B689AA50}"
EndProject
Project("{9A19103F-16F7-4668-BE54-9A1E7A4F7556}") = "Chep.Service.Interface", "Chep.Service.Interface\Chep.Service.Interface.csproj", "{823C35DE-C06E-4F17-81FD-C4F1A589E6E9}"
EndProject
Project("{9A19103F-16F7-4668-BE54-9A1E7A4F7556}") = "Chep.Service", "Chep.Service\Chep.Service.csproj", "{94BB1DEB-3EA1-4F6B-8D06-7BBA8349FFF0}"
EndProject
Project("{00D1A9C2-B5F0-4AF3-8072-F6C62B433612}") = "Chep.Database", "Chep.Database\Chep.Database.sqlproj", "{A6709895-1017-4A7D-A805-C160D749DD6C}"
EndProject
Project("{9A19103F-16F7-4668-BE54-9A1E7A4F7556}") = "Chep.WebUi", "Chep.WebUi\Chep.WebUi.csproj", "{6D3D1DB5-A6C0-47EA-B29F-1C4625EDABCE}"
EndProject
Project("{9A19103F-16F7-4668-BE54-9A1E7A4F7556}") = "Chep.WebApi", "Chep.WebApi\Chep.WebApi.csproj", "{1618DA17-D1EA-42EA-B2BE-4D6A4283F475}"
EndProject
Project("{FAE04EC0-301F-11D3-BF4B-00C04F79EFBC}") = "Chep.WebService", "Chep.WebService\Chep.WebService.csproj", "{DFCE2F22-AF8B-4C7A-AEB5-149F9E61D7AC}"
EndProject
Global
	GlobalSection(SolutionConfigurationPlatforms) = preSolution
		Debug|Any CPU = Debug|Any CPU
		Release|Any CPU = Release|Any CPU
	EndGlobalSection
	GlobalSection(ProjectConfigurationPlatforms) = postSolution
		{40382732-D13D-4B15-9667-DA282CCCF24B}.Debug|Any CPU.ActiveCfg = Debug|Any CPU
		{40382732-D13D-4B15-9667-DA282CCCF24B}.Debug|Any CPU.Build.0 = Debug|Any CPU
		{40382732-D13D-4B15-9667-DA282CCCF24B}.Release|Any CPU.ActiveCfg = Release|Any CPU
		{40382732-D13D-4B15-9667-DA282CCCF24B}.Release|Any CPU.Build.0 = Release|Any CPU
		{834BA1AF-44BE-4755-B73E-A23370FCD4A6}.Debug|Any CPU.ActiveCfg = Debug|Any CPU
		{834BA1AF-44BE-4755-B73E-A23370FCD4A6}.Debug|Any CPU.Build.0 = Debug|Any CPU
		{834BA1AF-44BE-4755-B73E-A23370FCD4A6}.Release|Any CPU.ActiveCfg = Release|Any CPU
		{834BA1AF-44BE-4755-B73E-A23370FCD4A6}.Release|Any CPU.Build.0 = Release|Any CPU
		{150C65D6-5092-4910-A8E4-6304B689AA50}.Debug|Any CPU.ActiveCfg = Debug|Any CPU
		{150C65D6-5092-4910-A8E4-6304B689AA50}.Debug|Any CPU.Build.0 = Debug|Any CPU
		{150C65D6-5092-4910-A8E4-6304B689AA50}.Release|Any CPU.ActiveCfg = Release|Any CPU
		{150C65D6-5092-4910-A8E4-6304B689AA50}.Release|Any CPU.Build.0 = Release|Any CPU
		{823C35DE-C06E-4F17-81FD-C4F1A589E6E9}.Debug|Any CPU.ActiveCfg = Debug|Any CPU
		{823C35DE-C06E-4F17-81FD-C4F1A589E6E9}.Debug|Any CPU.Build.0 = Debug|Any CPU
		{823C35DE-C06E-4F17-81FD-C4F1A589E6E9}.Release|Any CPU.ActiveCfg = Release|Any CPU
		{823C35DE-C06E-4F17-81FD-C4F1A589E6E9}.Release|Any CPU.Build.0 = Release|Any CPU
		{94BB1DEB-3EA1-4F6B-8D06-7BBA8349FFF0}.Debug|Any CPU.ActiveCfg = Debug|Any CPU
		{94BB1DEB-3EA1-4F6B-8D06-7BBA8349FFF0}.Debug|Any CPU.Build.0 = Debug|Any CPU
		{94BB1DEB-3EA1-4F6B-8D06-7BBA8349FFF0}.Release|Any CPU.ActiveCfg = Release|Any CPU
		{94BB1DEB-3EA1-4F6B-8D06-7BBA8349FFF0}.Release|Any CPU.Build.0 = Release|Any CPU
		{A6709895-1017-4A7D-A805-C160D749DD6C}.Debug|Any CPU.ActiveCfg = Debug|Any CPU
		{A6709895-1017-4A7D-A805-C160D749DD6C}.Debug|Any CPU.Build.0 = Debug|Any CPU
		{A6709895-1017-4A7D-A805-C160D749DD6C}.Debug|Any CPU.Deploy.0 = Debug|Any CPU
		{A6709895-1017-4A7D-A805-C160D749DD6C}.Release|Any CPU.ActiveCfg = Release|Any CPU
		{A6709895-1017-4A7D-A805-C160D749DD6C}.Release|Any CPU.Build.0 = Release|Any CPU
		{A6709895-1017-4A7D-A805-C160D749DD6C}.Release|Any CPU.Deploy.0 = Release|Any CPU
		{6D3D1DB5-A6C0-47EA-B29F-1C4625EDABCE}.Debug|Any CPU.ActiveCfg = Debug|Any CPU
		{6D3D1DB5-A6C0-47EA-B29F-1C4625EDABCE}.Debug|Any CPU.Build.0 = Debug|Any CPU
		{6D3D1DB5-A6C0-47EA-B29F-1C4625EDABCE}.Release|Any CPU.ActiveCfg = Release|Any CPU
		{6D3D1DB5-A6C0-47EA-B29F-1C4625EDABCE}.Release|Any CPU.Build.0 = Release|Any CPU
		{1618DA17-D1EA-42EA-B2BE-4D6A4283F475}.Debug|Any CPU.ActiveCfg = Debug|Any CPU
		{1618DA17-D1EA-42EA-B2BE-4D6A4283F475}.Debug|Any CPU.Build.0 = Debug|Any CPU
		{1618DA17-D1EA-42EA-B2BE-4D6A4283F475}.Release|Any CPU.ActiveCfg = Release|Any CPU
		{1618DA17-D1EA-42EA-B2BE-4D6A4283F475}.Release|Any CPU.Build.0 = Release|Any CPU
		{DFCE2F22-AF8B-4C7A-AEB5-149F9E61D7AC}.Debug|Any CPU.ActiveCfg = Debug|Any CPU
		{DFCE2F22-AF8B-4C7A-AEB5-149F9E61D7AC}.Debug|Any CPU.Build.0 = Debug|Any CPU
		{DFCE2F22-AF8B-4C7A-AEB5-149F9E61D7AC}.Release|Any CPU.ActiveCfg = Release|Any CPU
		{DFCE2F22-AF8B-4C7A-AEB5-149F9E61D7AC}.Release|Any CPU.Build.0 = Release|Any CPU
	EndGlobalSection
	GlobalSection(SolutionProperties) = preSolution
		HideSolutionNode = FALSE
	EndGlobalSection
	GlobalSection(ExtensibilityGlobals) = postSolution
		SolutionGuid = {7C9787F9-80E8-4B70-97B1-FD68C9A6FB5E}
	EndGlobalSection
EndGlobal
