
Microsoft Visual Studio Solution File, Format Version 12.00
# Visual Studio Version 16
VisualStudioVersion = 16.0.29411.138
MinimumVisualStudioVersion = 10.0.40219.1
Project("{9A19103F-16F7-4668-BE54-9A1E7A4F7556}") = "ProjectC.Api", "ProjectC.Api\ProjectC.Api.csproj", "{47D21F4E-A012-4C9E-827D-27511DBDA699}"
EndProject
Project("{9A19103F-16F7-4668-BE54-9A1E7A4F7556}") = "ProjectC.Data", "ProjectC.Data\ProjectC.Data.csproj", "{C8699021-8450-4737-8BB4-FD1D9EC0F33A}"
EndProject
Project("{9A19103F-16F7-4668-BE54-9A1E7A4F7556}") = "ProjectC.DTO", "ProjectC.DTO\ProjectC.DTO.csproj", "{09D328A9-6BC5-498A-B9E4-133537A6EE8D}"
EndProject
Project("{9A19103F-16F7-4668-BE54-9A1E7A4F7556}") = "ProjectC.Service", "ProjectC.Service\ProjectC.Service.csproj", "{F7E5DBC1-8E7F-439B-A32E-FB3201F60053}"
EndProject
Project("{9A19103F-16F7-4668-BE54-9A1E7A4F7556}") = "ProjectC.Service.Interface", "ProjectC.Service.Interface\ProjectC.Service.Interface.csproj", "{0E87C153-B513-46AD-AB9F-86D9C3C7AA96}"
EndProject
Project("{9A19103F-16F7-4668-BE54-9A1E7A4F7556}") = "ProjectC.Web", "ProjectC.Web\ProjectC.Web.csproj", "{59ECDE48-F73F-4F66-9D88-4D723F689F9E}"
EndProject
Project("{00D1A9C2-B5F0-4AF3-8072-F6C62B433612}") = "ProjectC.Database", "ProjectC.Database\ProjectC.Database.sqlproj", "{A6709895-1017-4A7D-A805-C160D749DD6C}"
EndProject
Project("{9A19103F-16F7-4668-BE54-9A1E7A4F7556}") = "ProjectC.Core", "ProjectC.Core\ProjectC.Core.csproj", "{660B44E5-F5AE-48CD-AD83-A8B409CA1572}"
EndProject
Global
	GlobalSection(SolutionConfigurationPlatforms) = preSolution
		Debug|Any CPU = Debug|Any CPU
		Release|Any CPU = Release|Any CPU
	EndGlobalSection
	GlobalSection(ProjectConfigurationPlatforms) = postSolution
		{47D21F4E-A012-4C9E-827D-27511DBDA699}.Debug|Any CPU.ActiveCfg = Debug|Any CPU
		{47D21F4E-A012-4C9E-827D-27511DBDA699}.Debug|Any CPU.Build.0 = Debug|Any CPU
		{47D21F4E-A012-4C9E-827D-27511DBDA699}.Release|Any CPU.ActiveCfg = Release|Any CPU
		{47D21F4E-A012-4C9E-827D-27511DBDA699}.Release|Any CPU.Build.0 = Release|Any CPU
		{C8699021-8450-4737-8BB4-FD1D9EC0F33A}.Debug|Any CPU.ActiveCfg = Debug|Any CPU
		{C8699021-8450-4737-8BB4-FD1D9EC0F33A}.Debug|Any CPU.Build.0 = Debug|Any CPU
		{C8699021-8450-4737-8BB4-FD1D9EC0F33A}.Release|Any CPU.ActiveCfg = Release|Any CPU
		{C8699021-8450-4737-8BB4-FD1D9EC0F33A}.Release|Any CPU.Build.0 = Release|Any CPU
		{09D328A9-6BC5-498A-B9E4-133537A6EE8D}.Debug|Any CPU.ActiveCfg = Debug|Any CPU
		{09D328A9-6BC5-498A-B9E4-133537A6EE8D}.Debug|Any CPU.Build.0 = Debug|Any CPU
		{09D328A9-6BC5-498A-B9E4-133537A6EE8D}.Release|Any CPU.ActiveCfg = Release|Any CPU
		{09D328A9-6BC5-498A-B9E4-133537A6EE8D}.Release|Any CPU.Build.0 = Release|Any CPU
		{F7E5DBC1-8E7F-439B-A32E-FB3201F60053}.Debug|Any CPU.ActiveCfg = Debug|Any CPU
		{F7E5DBC1-8E7F-439B-A32E-FB3201F60053}.Debug|Any CPU.Build.0 = Debug|Any CPU
		{F7E5DBC1-8E7F-439B-A32E-FB3201F60053}.Release|Any CPU.ActiveCfg = Release|Any CPU
		{F7E5DBC1-8E7F-439B-A32E-FB3201F60053}.Release|Any CPU.Build.0 = Release|Any CPU
		{0E87C153-B513-46AD-AB9F-86D9C3C7AA96}.Debug|Any CPU.ActiveCfg = Debug|Any CPU
		{0E87C153-B513-46AD-AB9F-86D9C3C7AA96}.Debug|Any CPU.Build.0 = Debug|Any CPU
		{0E87C153-B513-46AD-AB9F-86D9C3C7AA96}.Release|Any CPU.ActiveCfg = Release|Any CPU
		{0E87C153-B513-46AD-AB9F-86D9C3C7AA96}.Release|Any CPU.Build.0 = Release|Any CPU
		{59ECDE48-F73F-4F66-9D88-4D723F689F9E}.Debug|Any CPU.ActiveCfg = Debug|Any CPU
		{59ECDE48-F73F-4F66-9D88-4D723F689F9E}.Debug|Any CPU.Build.0 = Debug|Any CPU
		{59ECDE48-F73F-4F66-9D88-4D723F689F9E}.Release|Any CPU.ActiveCfg = Release|Any CPU
		{59ECDE48-F73F-4F66-9D88-4D723F689F9E}.Release|Any CPU.Build.0 = Release|Any CPU
		{A6709895-1017-4A7D-A805-C160D749DD6C}.Debug|Any CPU.ActiveCfg = Debug|Any CPU
		{A6709895-1017-4A7D-A805-C160D749DD6C}.Debug|Any CPU.Build.0 = Debug|Any CPU
		{A6709895-1017-4A7D-A805-C160D749DD6C}.Debug|Any CPU.Deploy.0 = Debug|Any CPU
		{A6709895-1017-4A7D-A805-C160D749DD6C}.Release|Any CPU.ActiveCfg = Release|Any CPU
		{A6709895-1017-4A7D-A805-C160D749DD6C}.Release|Any CPU.Build.0 = Release|Any CPU
		{A6709895-1017-4A7D-A805-C160D749DD6C}.Release|Any CPU.Deploy.0 = Release|Any CPU
		{660B44E5-F5AE-48CD-AD83-A8B409CA1572}.Debug|Any CPU.ActiveCfg = Debug|Any CPU
		{660B44E5-F5AE-48CD-AD83-A8B409CA1572}.Debug|Any CPU.Build.0 = Debug|Any CPU
		{660B44E5-F5AE-48CD-AD83-A8B409CA1572}.Release|Any CPU.ActiveCfg = Release|Any CPU
		{660B44E5-F5AE-48CD-AD83-A8B409CA1572}.Release|Any CPU.Build.0 = Release|Any CPU
	EndGlobalSection
	GlobalSection(SolutionProperties) = preSolution
		HideSolutionNode = FALSE
	EndGlobalSection
	GlobalSection(ExtensibilityGlobals) = postSolution
		SolutionGuid = {7C9787F9-80E8-4B70-97B1-FD68C9A6FB5E}
	EndGlobalSection
EndGlobal
